
Microsoft Visual Studio Solution File, Format Version 12.00
# Visual Studio 15
Project("{FAE04EC0-301F-11D3-BF4B-00C04F79EFBC}") = "Assembly-CSharp", "Assembly-CSharp.csproj", "{DBA8FC31-D6E0-0AF3-97A4-DAF7F89E8F39}"
EndProject
Project("{FAE04EC0-301F-11D3-BF4B-00C04F79EFBC}") = "Assembly-CSharp-Editor", "Assembly-CSharp-Editor.csproj", "{950A7720-5A6C-131A-DD20-A8894318D78C}"
EndProject
Global
	GlobalSection(SolutionConfigurationPlatforms) = preSolution
		Debug|Any CPU = Debug|Any CPU
		Release|Any CPU = Release|Any CPU
	EndGlobalSection
	GlobalSection(ProjectConfigurationPlatforms) = postSolution
		{DBA8FC31-D6E0-0AF3-97A4-DAF7F89E8F39}.Debug|Any CPU.ActiveCfg = Debug|Any CPU
		{DBA8FC31-D6E0-0AF3-97A4-DAF7F89E8F39}.Debug|Any CPU.Build.0 = Debug|Any CPU
		{DBA8FC31-D6E0-0AF3-97A4-DAF7F89E8F39}.Release|Any CPU.ActiveCfg = Release|Any CPU
		{DBA8FC31-D6E0-0AF3-97A4-DAF7F89E8F39}.Release|Any CPU.Build.0 = Release|Any CPU
		{950A7720-5A6C-131A-DD20-A8894318D78C}.Debug|Any CPU.ActiveCfg = Debug|Any CPU
		{950A7720-5A6C-131A-DD20-A8894318D78C}.Debug|Any CPU.Build.0 = Debug|Any CPU
		{950A7720-5A6C-131A-DD20-A8894318D78C}.Release|Any CPU.ActiveCfg = Release|Any CPU
		{950A7720-5A6C-131A-DD20-A8894318D78C}.Release|Any CPU.Build.0 = Release|Any CPU
	EndGlobalSection
	GlobalSection(SolutionProperties) = preSolution
		HideSolutionNode = FALSE
	EndGlobalSection
EndGlobal
